
Microsoft Visual Studio Solution File, Format Version 12.00
# Visual Studio Version 16
VisualStudioVersion = 16.0.30413.136
MinimumVisualStudioVersion = 10.0.40219.1
Project("{FAE04EC0-301F-11D3-BF4B-00C04F79EFBC}") = "Superheroes", "Superheroes\Superheroes.csproj", "{9FE227A3-84BC-4DFA-9FD5-9B525D0152A9}"
EndProject
Global
	GlobalSection(SolutionConfigurationPlatforms) = preSolution
		Debug|Any CPU = Debug|Any CPU
		Release|Any CPU = Release|Any CPU
	EndGlobalSection
	GlobalSection(ProjectConfigurationPlatforms) = postSolution
		{9FE227A3-84BC-4DFA-9FD5-9B525D0152A9}.Debug|Any CPU.ActiveCfg = Debug|Any CPU
		{9FE227A3-84BC-4DFA-9FD5-9B525D0152A9}.Debug|Any CPU.Build.0 = Debug|Any CPU
		{9FE227A3-84BC-4DFA-9FD5-9B525D0152A9}.Release|Any CPU.ActiveCfg = Release|Any CPU
		{9FE227A3-84BC-4DFA-9FD5-9B525D0152A9}.Release|Any CPU.Build.0 = Release|Any CPU
	EndGlobalSection
	GlobalSection(SolutionProperties) = preSolution
		HideSolutionNode = FALSE
	EndGlobalSection
	GlobalSection(ExtensibilityGlobals) = postSolution
		SolutionGuid = {5108062B-9F8A-4C46-9A33-52CF26B83779}
	EndGlobalSection
EndGlobal
